
Microsoft Visual Studio Solution File, Format Version 12.00
# Visual Studio Version 16
VisualStudioVersion = 16.0.30711.63
MinimumVisualStudioVersion = 10.0.40219.1
Project("{FAE04EC0-301F-11D3-BF4B-00C04F79EFBC}") = "ImdbServiceApp", "ImdbServiceApp\ImdbServiceApp.csproj", "{61D72C2B-D154-4402-B105-BCCBBE858013}"
EndProject
Project("{FAE04EC0-301F-11D3-BF4B-00C04F79EFBC}") = "ImdbClient", "ImdbClient\ImdbClient.csproj", "{BC43D777-467D-4441-824A-5C5797100993}"
	ProjectSection(ProjectDependencies) = postProject
		{61D72C2B-D154-4402-B105-BCCBBE858013} = {61D72C2B-D154-4402-B105-BCCBBE858013}
	EndProjectSection
EndProject
Global
	GlobalSection(SolutionConfigurationPlatforms) = preSolution
		Debug|Any CPU = Debug|Any CPU
		Release|Any CPU = Release|Any CPU
	EndGlobalSection
	GlobalSection(ProjectConfigurationPlatforms) = postSolution
		{61D72C2B-D154-4402-B105-BCCBBE858013}.Debug|Any CPU.ActiveCfg = Debug|Any CPU
		{61D72C2B-D154-4402-B105-BCCBBE858013}.Debug|Any CPU.Build.0 = Debug|Any CPU
		{61D72C2B-D154-4402-B105-BCCBBE858013}.Release|Any CPU.ActiveCfg = Release|Any CPU
		{61D72C2B-D154-4402-B105-BCCBBE858013}.Release|Any CPU.Build.0 = Release|Any CPU
		{BC43D777-467D-4441-824A-5C5797100993}.Debug|Any CPU.ActiveCfg = Debug|Any CPU
		{BC43D777-467D-4441-824A-5C5797100993}.Debug|Any CPU.Build.0 = Debug|Any CPU
		{BC43D777-467D-4441-824A-5C5797100993}.Release|Any CPU.ActiveCfg = Release|Any CPU
		{BC43D777-467D-4441-824A-5C5797100993}.Release|Any CPU.Build.0 = Release|Any CPU
	EndGlobalSection
	GlobalSection(SolutionProperties) = preSolution
		HideSolutionNode = FALSE
	EndGlobalSection
	GlobalSection(ExtensibilityGlobals) = postSolution
		SolutionGuid = {313B6741-D704-490F-890B-51E666335251}
	EndGlobalSection
EndGlobal
