
Microsoft Visual Studio Solution File, Format Version 12.00
# Visual Studio Version 16
VisualStudioVersion = 16.0.30711.63
MinimumVisualStudioVersion = 10.0.40219.1
Project("{FAE04EC0-301F-11D3-BF4B-00C04F79EFBC}") = "ImdbServiceApp", "ImdbServiceApp\ImdbServiceApp.csproj", "{61D72C2B-D154-4402-B105-BCCBBE858013}"
EndProject
Project("{FAE04EC0-301F-11D3-BF4B-00C04F79EFBC}") = "ImdbClient", "ImdbClient\ImdbClient.csproj", "{421C66D0-C16A-497B-9E46-F89DF1CDD4C8}"
	ProjectSection(ProjectDependencies) = postProject
		{61D72C2B-D154-4402-B105-BCCBBE858013} = {61D72C2B-D154-4402-B105-BCCBBE858013}
	EndProjectSection
EndProject
Project("{2150E333-8FDC-42A3-9474-1A3956D46DE8}") = "Solution Items", "Solution Items", "{3A4BB487-7A4B-4D85-90D1-59B53C2040A9}"
	ProjectSection(SolutionItems) = preProject
		.editorconfig = .editorconfig
	EndProjectSection
EndProject
Global
	GlobalSection(SolutionConfigurationPlatforms) = preSolution
		Debug|Any CPU = Debug|Any CPU
		Release|Any CPU = Release|Any CPU
	EndGlobalSection
	GlobalSection(ProjectConfigurationPlatforms) = postSolution
		{61D72C2B-D154-4402-B105-BCCBBE858013}.Debug|Any CPU.ActiveCfg = Debug|Any CPU
		{61D72C2B-D154-4402-B105-BCCBBE858013}.Debug|Any CPU.Build.0 = Debug|Any CPU
		{61D72C2B-D154-4402-B105-BCCBBE858013}.Release|Any CPU.ActiveCfg = Release|Any CPU
		{61D72C2B-D154-4402-B105-BCCBBE858013}.Release|Any CPU.Build.0 = Release|Any CPU
		{421C66D0-C16A-497B-9E46-F89DF1CDD4C8}.Debug|Any CPU.ActiveCfg = Debug|Any CPU
		{421C66D0-C16A-497B-9E46-F89DF1CDD4C8}.Debug|Any CPU.Build.0 = Debug|Any CPU
		{421C66D0-C16A-497B-9E46-F89DF1CDD4C8}.Release|Any CPU.ActiveCfg = Release|Any CPU
		{421C66D0-C16A-497B-9E46-F89DF1CDD4C8}.Release|Any CPU.Build.0 = Release|Any CPU
	EndGlobalSection
	GlobalSection(SolutionProperties) = preSolution
		HideSolutionNode = FALSE
	EndGlobalSection
	GlobalSection(ExtensibilityGlobals) = postSolution
		SolutionGuid = {313B6741-D704-490F-890B-51E666335251}
	EndGlobalSection
EndGlobal
